
Microsoft Visual Studio Solution File, Format Version 12.00
# Visual Studio 15
VisualStudioVersion = 15.0.27703.2042
MinimumVisualStudioVersion = 10.0.40219.1
Project("{9A19103F-16F7-4668-BE54-9A1E7A4F7556}") = "FrontEnd", "FrontEnd\FrontEnd.csproj", "{081D466A-DD2D-42C4-BEDB-A8A470387CD5}"
EndProject
Project("{FAE04EC0-301F-11D3-BF4B-00C04F79EFBC}") = "FrontEndSpecs", "FrontEndSpecs\FrontEndSpecs.csproj", "{A4B0975C-884E-4346-B608-874FDAEB4E71}"
EndProject
Global
	GlobalSection(SolutionConfigurationPlatforms) = preSolution
		Debug|Any CPU = Debug|Any CPU
		Release|Any CPU = Release|Any CPU
	EndGlobalSection
	GlobalSection(ProjectConfigurationPlatforms) = postSolution
		{081D466A-DD2D-42C4-BEDB-A8A470387CD5}.Debug|Any CPU.ActiveCfg = Debug|Any CPU
		{081D466A-DD2D-42C4-BEDB-A8A470387CD5}.Debug|Any CPU.Build.0 = Debug|Any CPU
		{081D466A-DD2D-42C4-BEDB-A8A470387CD5}.Release|Any CPU.ActiveCfg = Release|Any CPU
		{081D466A-DD2D-42C4-BEDB-A8A470387CD5}.Release|Any CPU.Build.0 = Release|Any CPU
		{A4B0975C-884E-4346-B608-874FDAEB4E71}.Debug|Any CPU.ActiveCfg = Debug|Any CPU
		{A4B0975C-884E-4346-B608-874FDAEB4E71}.Debug|Any CPU.Build.0 = Debug|Any CPU
		{A4B0975C-884E-4346-B608-874FDAEB4E71}.Release|Any CPU.ActiveCfg = Release|Any CPU
		{A4B0975C-884E-4346-B608-874FDAEB4E71}.Release|Any CPU.Build.0 = Release|Any CPU
	EndGlobalSection
	GlobalSection(SolutionProperties) = preSolution
		HideSolutionNode = FALSE
	EndGlobalSection
	GlobalSection(ExtensibilityGlobals) = postSolution
		SolutionGuid = {6159287B-CDB6-40FC-B122-2B101B49E94A}
	EndGlobalSection
EndGlobal
